{
    "version": 4,
    "terraform_version": "1.0.7",
    "serial": 5,
    "lineage": "83eecf61-6f93-d495-28c5-112aac295442",
    "outputs": {},
    "resources": [
      {
        "module": "module.network.module.vpc",
        "mode": "managed",
        "type": "google_compute_network",
        "name": "network",
        "provider": "provider[\"registry.terraform.io/hashicorp/google\"]",
        "instances": [
          {
            "schema_version": 0,
            "attributes": {
              "auto_create_subnetworks": false,
              "delete_default_routes_on_create": false,
              "description": "",
              "gateway_ipv4": "",
              "id": "projects/winter-berm-341604/global/networks/example-vpc",
              "mtu": 0,
              "name": "example-vpc",
              "project": "winter-berm-341604",
              "routing_mode": "GLOBAL",
              "self_link": "https://www.googleapis.com/compute/v1/projects/winter-berm-341604/global/networks/example-vpc",
              "timeouts": null
            },
            "sensitive_attributes": [],
            "private": "eyJlMmJmYjczMC1lY2FhLTExZTYtOGY4OC0zNDM2M2JjN2M0YzAiOnsiY3JlYXRlIjoxMjAwMDAwMDAwMDAwLCJkZWxldGUiOjEyMDAwMDAwMDAwMDAsInVwZGF0ZSI6MTIwMDAwMDAwMDAwMH19"
          }
        ]
      },
      {
        "module": "module.network.module.subnets",
        "mode": "managed",
        "type": "google_compute_subnetwork",
        "name": "subnetwork",
        "provider": "provider[\"registry.terraform.io/hashicorp/google\"]",
        "instances": [
          {
            "index_key": "us-west1/subnet-01",
            "schema_version": 0,
            "attributes": {
              "creation_timestamp": "2022-02-16T23:17:19.549-08:00",
              "description": "",
              "external_ipv6_prefix": "",
              "fingerprint": null,
              "gateway_address": "192.168.10.1",
              "id": "projects/winter-berm-341604/regions/us-west1/subnetworks/subnet-01",
              "ip_cidr_range": "192.168.10.0/24",
              "ipv6_access_type": "",
              "ipv6_cidr_range": "",
              "log_config": [],
              "name": "subnet-01",
              "network": "https://www.googleapis.com/compute/v1/projects/winter-berm-341604/global/networks/example-vpc",
              "private_ip_google_access": false,
              "private_ipv6_google_access": "DISABLE_GOOGLE_ACCESS",
              "project": "winter-berm-341604",
              "purpose": "PRIVATE",
              "region": "us-west1",
              "role": "",
              "secondary_ip_range": [],
              "self_link": "https://www.googleapis.com/compute/v1/projects/winter-berm-341604/regions/us-west1/subnetworks/subnet-01",
              "stack_type": "IPV4_ONLY",
              "timeouts": null
            },
            "sensitive_attributes": [],
            "private": "eyJlMmJmYjczMC1lY2FhLTExZTYtOGY4OC0zNDM2M2JjN2M0YzAiOnsiY3JlYXRlIjoxMjAwMDAwMDAwMDAwLCJkZWxldGUiOjEyMDAwMDAwMDAwMDAsInVwZGF0ZSI6MTIwMDAwMDAwMDAwMH19"
          }
        ]
      },
      {
        "mode": "managed",
        "type": "google_project",
        "name": "network",
        "provider": "provider[\"registry.terraform.io/hashicorp/google\"]",
        "instances": [
          {
            "schema_version": 6,
            "attributes": {
              "advanced_machine_features": [],
              "allow_stopping_for_update": null,
              "attached_disk": [],
              "boot_disk": [
                {
                  "auto_delete": true,
                  "device_name": "persistent-disk-0",
                  "disk_encryption_key_raw": "",
                  "disk_encryption_key_sha256": "",
                  "initialize_params": [
                    {
                      "image": "https://www.googleapis.com/compute/v1/projects/debian-cloud/global/images/debian-9-stretch-v20210916",
                      "labels": {},
                      "size": 10,
                      "type": "pd-standard"
                    }
                  ],
                  "kms_key_self_link": "",
                  "mode": "READ_WRITE",
                  "source": "https://www.googleapis.com/compute/v1/projects/test-project-327805/zones/us-west1-a/disks/flask-vm-dc251eee68354b50"
                }
              ],
              "can_ip_forward": false,
              "confidential_instance_config": [],
              "cpu_platform": "Intel Broadwell",
              "current_status": "RUNNING",
              "deletion_protection": false,
              "description": "",
              "desired_status": null,
              "enable_display": false,
              "guest_accelerator": [],
              "hostname": "",
              "id": "projects/test-project-327805/zones/us-west1-a/instances/flask-vm-dc251eee68354b50",
              "instance_id": "4326719438387390285",
              "label_fingerprint": "42WmSpB8rSM=",
              "labels": null,
              "machine_type": "f1-micro",
              "metadata": {
                "ssh-keys": "sisonsco@hawaii.edu:ssh-ed25519 AAAAC3NzaC1lZDI1NTE5AAAAILsAk3TTIegHEY9MP8ZW53+eSKrGVIlBKAbstRFfwkhu sisonsco@hawaii.edu\n"
              },
              "metadata_fingerprint": "eQKjckkAkbQ=",
              "metadata_startup_script": "sudo apt-get update; sudo apt-get install -yq build-essential python-pip rsync; pip install flask",
              "min_cpu_platform": "",
              "name": "service_project_1",
              "network_interface": [
                {
                  "access_config": [
                    {
                      "nat_ip": "35.233.141.56",
                      "network_tier": "PREMIUM",
                      "public_ptr_domain_name": ""
                    }
                  ],
                  "alias_ip_range": [],
                  "name": "nic0",
                  "network": "https://www.googleapis.com/compute/v1/projects/test-project-327805/global/networks/default",
                  "network_ip": "10.138.0.5",
                  "nic_type": "",
                  "subnetwork": "https://www.googleapis.com/compute/v1/projects/test-project-327805/regions/us-west1/subnetworks/default",
                  "subnetwork_project": "test-project-327805"
                }
              ],
              "project": "test-project-327805",
              "reservation_affinity": [],
              "resource_policies": null,
              "scheduling": [
                {
                  "automatic_restart": true,
                  "min_node_cpus": 0,
                  "node_affinities": [],
                  "on_host_maintenance": "MIGRATE",
                  "preemptible": false
                }
              ],
              "scratch_disk": [],
              "self_link": "https://www.googleapis.com/compute/v1/projects/test-project-327805/zones/us-west1-a/instances/flask-vm-dc251eee68354b50",
              "service_account": [],
              "shielded_instance_config": [],
              "tags": null,
              "tags_fingerprint": "42WmSpB8rSM=",
              "timeouts": null,
              "zone": "us-west1-a"
            },
            "sensitive_attributes": [],
            "private": "eyJlMmJmYjczMC1lY2FhLTExZTYtOGY4OC0zNDM2M2JjN2M0YzAiOnsiY3JlYXRlIjoxMjAwMDAwMDAwMDAwLCJkZWxldGUiOjEyMDAwMDAwMDAwMDAsInVwZGF0ZSI6MTIwMDAwMDAwMDAwMH0sInNjaGVtYV92ZXJzaW9uIjoiNiJ9"
          }
        ]
      },
      {
        "mode": "managed",
        "type": "google_sql_database",
        "name": "default",
        "provider": "provider[\"registry.terraform.io/hashicorp/google\"]",
        "instances": [
          {
            "schema_version": 1,
            "attributes": {
              "allow": [
                {
                  "ports": [
                    "5000"
                  ],
                  "protocol": "tcp"
                }
              ],
              "creation_timestamp": "2021-10-24T19:42:41.205-07:00",
              "deny": [],
              "description": "",
              "destination_ranges": [],
              "direction": "INGRESS",
              "disabled": false,
              "enable_logging": null,
              "id": "projects/test-project-327805/global/firewalls/flask-app-firewall",
              "log_config": [],
              "name": "testing-cloud-sql-1",
              "network": "https://www.googleapis.com/compute/v1/projects/test-project-327805/global/networks/default",
              "priority": 1000,
              "project": "winter-berm-341604",
              "self_link": "https://www.googleapis.com/compute/v1/projects/test-project-327805/global/firewalls/flask-app-firewall",
              "source_ranges": [
                "0.0.0.0/0"
              ],
              "source_service_accounts": null,
              "source_tags": null,
              "target_service_accounts": null,
              "target_tags": null,
              "timeouts": null
            },
            "sensitive_attributes": [],
            "private": "eyJlMmJmYjczMC1lY2FhLTExZTYtOGY4OC0zNDM2M2JjN2M0YzAiOnsiY3JlYXRlIjoyNDAwMDAwMDAwMDAsImRlbGV0ZSI6MjQwMDAwMDAwMDAwLCJ1cGRhdGUiOjI0MDAwMDAwMDAwMH0sInNjaGVtYV92ZXJzaW9uIjoiMSJ9",
            "dependencies": [
              "google_compute_instance.google_compute_instance",
              "google_data_catalog_entry.meta-data-catalog"
            ]
          }
        ]
      },
      {
        "mode": "managed",
        "type": "google_data_catalog_entry",
        "name": "meta-data-catalog",
        "provider": "provider[\"registry.terraform.io/hashicorp/google\"]",
        "instances": [
          {
            "schema_version": 1,
            "attributes": {
              "allow": [
                {
                  "ports": [
                    "5000"
                  ],
                  "protocol": "tcp"
                }
              ],
              "creation_timestamp": "2021-10-24T19:42:41.205-07:00",
              "deny": [],
              "description": "",
              "destination_ranges": [],
              "direction": "INGRESS",
              "disabled": false,
              "enable_logging": null,
              "id": "projects/test-project-327805/global/firewalls/flask-app-firewall",
              "log_config": [],
              "name": "meta-data-catalog1",
              "network": "https://www.googleapis.com/compute/v1/projects/test-project-327805/global/networks/default",
              "priority": 1000,
              "project": "winter-berm-341604",
              "self_link": "https://www.googleapis.com/compute/v1/projects/test-project-327805/global/firewalls/flask-app-firewall",
              "source_ranges": [
                "0.0.0.0/0"
              ],
              "source_service_accounts": null,
              "source_tags": null,
              "target_service_accounts": null,
              "target_tags": null,
              "timeouts": null
            },
            "sensitive_attributes": [],
            "private": "eyJlMmJmYjczMC1lY2FhLTExZTYtOGY4OC0zNDM2M2JjN2M0YzAiOnsiY3JlYXRlIjoyNDAwMDAwMDAwMDAsImRlbGV0ZSI6MjQwMDAwMDAwMDAwLCJ1cGRhdGUiOjI0MDAwMDAwMDAwMH0sInNjaGVtYV92ZXJzaW9uIjoiMSJ9"
          }
        ]
      },
      {
        "mode": "managed",
        "type": "google_compute_instance",
        "name": "google_compute_instance",
        "provider": "provider[\"registry.terraform.io/hashicorp/google\"]",
        "instances": [
          {
            "schema_version": 6,
            "attributes": {
              "advanced_machine_features": [],
              "allow_stopping_for_update": null,
              "attached_disk": [],
              "boot_disk": [
                {
                  "auto_delete": true,
                  "device_name": "persistent-disk-0",
                  "disk_encryption_key_raw": "",
                  "disk_encryption_key_sha256": "",
                  "initialize_params": [
                    {
                      "image": "https://www.googleapis.com/compute/v1/projects/debian-cloud/global/images/debian-9-stretch-v20210916",
                      "labels": {},
                      "size": 10,
                      "type": "pd-standard"
                    }
                  ],
                  "kms_key_self_link": "",
                  "mode": "READ_WRITE",
                  "source": "https://www.googleapis.com/compute/v1/projects/test-project-327805/zones/us-west1-a/disks/flask-vm-dc251eee68354b50"
                }
              ],
              "can_ip_forward": false,
              "confidential_instance_config": [],
              "cpu_platform": "Intel Broadwell",
              "current_status": "RUNNING",
              "deletion_protection": false,
              "description": "",
              "desired_status": null,
              "enable_display": false,
              "guest_accelerator": [],
              "hostname": "",
              "id": "projects/test-project-327805/zones/us-west1-a/instances/flask-vm-dc251eee68354b50",
              "instance_id": "4326719438387390285",
              "label_fingerprint": "42WmSpB8rSM=",
              "labels": null,
              "machine_type": "f1-micro",
              "metadata": {
                "ssh-keys": "sisonsco@hawaii.edu:ssh-ed25519 AAAAC3NzaC1lZDI1NTE5AAAAILsAk3TTIegHEY9MP8ZW53+eSKrGVIlBKAbstRFfwkhu sisonsco@hawaii.edu\n"
              },
              "metadata_fingerprint": "eQKjckkAkbQ=",
              "metadata_startup_script": "sudo apt-get update; sudo apt-get install -yq build-essential python-pip rsync; pip install flask",
              "min_cpu_platform": "",
              "name": "flask-vm-test",
              "network_interface": [
                {
                  "access_config": [
                    {
                      "nat_ip": "35.233.141.56",
                      "network_tier": "PREMIUM",
                      "public_ptr_domain_name": ""
                    }
                  ],
                  "alias_ip_range": [],
                  "name": "nic0",
                  "network": "https://www.googleapis.com/compute/v1/projects/test-project-327805/global/networks/default",
                  "network_ip": "10.138.0.5",
                  "nic_type": "",
                  "subnetwork": "https://www.googleapis.com/compute/v1/projects/test-project-327805/regions/us-west1/subnetworks/default",
                  "subnetwork_project": "test-project-327805"
                }
              ],
              "project": "test-project-327805",
              "reservation_affinity": [],
              "resource_policies": null,
              "scheduling": [
                {
                  "automatic_restart": true,
                  "min_node_cpus": 0,
                  "node_affinities": [],
                  "on_host_maintenance": "MIGRATE",
                  "preemptible": false
                }
              ],
              "scratch_disk": [],
              "self_link": "https://www.googleapis.com/compute/v1/projects/test-project-327805/zones/us-west1-a/instances/flask-vm-dc251eee68354b50",
              "service_account": [],
              "shielded_instance_config": [],
              "tags": null,
              "tags_fingerprint": "42WmSpB8rSM=",
              "timeouts": null,
              "zone": "us-west1-a"
            },
            "sensitive_attributes": [],
            "private": "eyJlMmJmYjczMC1lY2FhLTExZTYtOGY4OC0zNDM2M2JjN2M0YzAiOnsiY3JlYXRlIjoxMjAwMDAwMDAwMDAwLCJkZWxldGUiOjEyMDAwMDAwMDAwMDAsInVwZGF0ZSI6MTIwMDAwMDAwMDAwMH0sInNjaGVtYV92ZXJzaW9uIjoiNiJ9"
          }
        ]
      }
    ]
  }
  